
Microsoft Visual Studio Solution File, Format Version 12.00
# Visual Studio Version 17
VisualStudioVersion = 17.9.34607.119
MinimumVisualStudioVersion = 10.0.40219.1
Project("{9A19103F-16F7-4668-BE54-9A1E7A4F7556}") = "StudentManagerMVC", "StudentManagerMVC\StudentManagerMVC.csproj", "{AC8F509D-1EBC-4066-899E-2D09C498F4EC}"
EndProject
Project("{9A19103F-16F7-4668-BE54-9A1E7A4F7556}") = "StudentManagerDAL", "StudentManagerDAL\StudentManagerDAL.csproj", "{46393D99-1424-4101-BD83-CE38DA33BFD7}"
EndProject
Project("{9A19103F-16F7-4668-BE54-9A1E7A4F7556}") = "StudentManagerModel", "StudentManagerModel\StudentManagerModel.csproj", "{C117BCB6-3167-491D-8A38-8D3771D4526D}"
EndProject
Project("{9A19103F-16F7-4668-BE54-9A1E7A4F7556}") = "StudentManagerBLL", "StudentManagerBLL\StudentManagerBLL.csproj", "{5A5FB64A-98E7-44FB-B1AF-FBAF8D203E6F}"
EndProject
Global
	GlobalSection(SolutionConfigurationPlatforms) = preSolution
		Debug|Any CPU = Debug|Any CPU
		Release|Any CPU = Release|Any CPU
	EndGlobalSection
	GlobalSection(ProjectConfigurationPlatforms) = postSolution
		{AC8F509D-1EBC-4066-899E-2D09C498F4EC}.Debug|Any CPU.ActiveCfg = Debug|Any CPU
		{AC8F509D-1EBC-4066-899E-2D09C498F4EC}.Debug|Any CPU.Build.0 = Debug|Any CPU
		{AC8F509D-1EBC-4066-899E-2D09C498F4EC}.Release|Any CPU.ActiveCfg = Release|Any CPU
		{AC8F509D-1EBC-4066-899E-2D09C498F4EC}.Release|Any CPU.Build.0 = Release|Any CPU
		{46393D99-1424-4101-BD83-CE38DA33BFD7}.Debug|Any CPU.ActiveCfg = Debug|Any CPU
		{46393D99-1424-4101-BD83-CE38DA33BFD7}.Debug|Any CPU.Build.0 = Debug|Any CPU
		{46393D99-1424-4101-BD83-CE38DA33BFD7}.Release|Any CPU.ActiveCfg = Release|Any CPU
		{46393D99-1424-4101-BD83-CE38DA33BFD7}.Release|Any CPU.Build.0 = Release|Any CPU
		{C117BCB6-3167-491D-8A38-8D3771D4526D}.Debug|Any CPU.ActiveCfg = Debug|Any CPU
		{C117BCB6-3167-491D-8A38-8D3771D4526D}.Debug|Any CPU.Build.0 = Debug|Any CPU
		{C117BCB6-3167-491D-8A38-8D3771D4526D}.Release|Any CPU.ActiveCfg = Release|Any CPU
		{C117BCB6-3167-491D-8A38-8D3771D4526D}.Release|Any CPU.Build.0 = Release|Any CPU
		{5A5FB64A-98E7-44FB-B1AF-FBAF8D203E6F}.Debug|Any CPU.ActiveCfg = Debug|Any CPU
		{5A5FB64A-98E7-44FB-B1AF-FBAF8D203E6F}.Debug|Any CPU.Build.0 = Debug|Any CPU
		{5A5FB64A-98E7-44FB-B1AF-FBAF8D203E6F}.Release|Any CPU.ActiveCfg = Release|Any CPU
		{5A5FB64A-98E7-44FB-B1AF-FBAF8D203E6F}.Release|Any CPU.Build.0 = Release|Any CPU
	EndGlobalSection
	GlobalSection(SolutionProperties) = preSolution
		HideSolutionNode = FALSE
	EndGlobalSection
	GlobalSection(ExtensibilityGlobals) = postSolution
		SolutionGuid = {0173F580-F3D0-4DF8-88BD-C6642DA9C01D}
	EndGlobalSection
EndGlobal
